<?xml version="1.0" encoding="UTF-8"?>
<Scheme
   version = "1.3">
   <BuildAction>
      <BuildActionEntries>
         <BuildActionEntry
            buildForRunning = "YES">
            <BuildableReference
               BuildableIdentifier = "primary"
               BlueprintIdentifier = "8EA81791202C8ADB0012D2FD"
               BuildableName = "Hobby Share.app"
               BlueprintName = "Hobby Share"
               ReferencedContainer = "container:Hobby Share.xcodeproj">
            </BuildableReference>
         </BuildActionEntry>
      </BuildActionEntries>
   </BuildAction>
   <LaunchAction
      useCustomWorkingDirectory = "NO"
      buildConfiguration = "Debug">
      <BuildableProductRunnable>
         <BuildableReference
            BuildableIdentifier = "primary"
            BlueprintIdentifier = "8EA81791202C8ADB0012D2FD"
            BuildableName = "Hobby Share.app"
            BlueprintName = "Hobby Share"
            ReferencedContainer = "container:Hobby Share.xcodeproj">
         </BuildableReference>
      </BuildableProductRunnable>
   </LaunchAction>
</Scheme>
