// !$*UTF8*$!
{
	archiveVersion = 1;
	classes = {
	};
	objectVersion = 48;
	objects = {

/* Begin PBXBuildFile section */
		8EA81796202C8ADB0012D2FD /* AppDelegate.swift in Sources */ = {isa = PBXBuildFile; fileRef = 8EA81795202C8ADB0012D2FD /* AppDelegate.swift */; };
		8EA81798202C8ADB0012D2FD /* ViewController.swift in Sources */ = {isa = PBXBuildFile; fileRef = 8EA81797202C8ADB0012D2FD /* ViewController.swift */; };
		8EA8179B202C8ADB0012D2FD /* Main.storyboard in Resources */ = {isa = PBXBuildFile; fileRef = 8EA81799202C8ADB0012D2FD /* Main.storyboard */; };
		8EA8179D202C8ADB0012D2FD /* Assets.xcassets in Resources */ = {isa = PBXBuildFile; fileRef = 8EA8179C202C8ADB0012D2FD /* Assets.xcassets */; };
		8EA817A0202C8ADB0012D2FD /* LaunchScreen.storyboard in Resources */ = {isa = PBXBuildFile; fileRef = 8EA8179E202C8ADB0012D2FD /* LaunchScreen.storyboard */; };
		8EA817AB202C8ADB0012D2FD /* Hobby_ShareTests.swift in Sources */ = {isa = PBXBuildFile; fileRef = 8EA817AA202C8ADB0012D2FD /* Hobby_ShareTests.swift */; };
		8EA817B6202C8ADB0012D2FD /* Hobby_ShareUITests.swift in Sources */ = {isa = PBXBuildFile; fileRef = 8EA817B5202C8ADB0012D2FD /* Hobby_ShareUITests.swift */; };
		8EA817C5202C8B640012D2FD /* MapKit.framework in Frameworks */ = {isa = PBXBuildFile; fileRef = 8EA817C4202C8B640012D2FD /* MapKit.framework */; };
/* End PBXBuildFile section */

/* Begin PBXContainerItemProxy section */
		8EA817A7202C8ADB0012D2FD /* PBXContainerItemProxy */ = {
			isa = PBXContainerItemProxy;
			containerPortal = 8EA8178A202C8ADB0012D2FD /* Project object */;
			proxyType = 1;
			remoteGlobalIDString = 8EA81791202C8ADB0012D2FD;
			remoteInfo = "Hobby Share";
		};
		8EA817B2202C8ADB0012D2FD /* PBXContainerItemProxy */ = {
			isa = PBXContainerItemProxy;
			containerPortal = 8EA8178A202C8ADB0012D2FD /* Project object */;
			proxyType = 1;
			remoteGlobalIDString = 8EA81791202C8ADB0012D2FD;
			remoteInfo = "Hobby Share";
		};
/* End PBXContainerItemProxy section */

/* Begin PBXFileReference section */
		8EA81792202C8ADB0012D2FD /* Hobby Share.app */ = {isa = PBXFileReference; explicitFileType = wrapper.application; includeInIndex = 0; path = "Hobby Share.app"; sourceTree = BUILT_PRODUCTS_DIR; };
		8EA81795202C8ADB0012D2FD /* AppDelegate.swift */ = {isa = PBXFileReference; lastKnownFileType = sourcecode.swift; path = AppDelegate.swift; sourceTree = "<group>"; };
		8EA81797202C8ADB0012D2FD /* ViewController.swift */ = {isa = PBXFileReference; lastKnownFileType = sourcecode.swift; path = ViewController.swift; sourceTree = "<group>"; };
		8EA8179A202C8ADB0012D2FD /* Base */ = {isa = PBXFileReference; lastKnownFileType = file.storyboard; name = Base; path = Base.lproj/Main.storyboard; sourceTree = "<group>"; };
		8EA8179C202C8ADB0012D2FD /* Assets.xcassets */ = {isa = PBXFileReference; lastKnownFileType = folder.assetcatalog; path = Assets.xcassets; sourceTree = "<group>"; };
		8EA8179F202C8ADB0012D2FD /* Base */ = {isa = PBXFileReference; lastKnownFileType = file.storyboard; name = Base; path = Base.lproj/LaunchScreen.storyboard; sourceTree = "<group>"; };
		8EA817A1202C8ADB0012D2FD /* Info.plist */ = {isa = PBXFileReference; lastKnownFileType = text.plist.xml; path = Info.plist; sourceTree = "<group>"; };
		8EA817A6202C8ADB0012D2FD /* Hobby ShareTests.xctest */ = {isa = PBXFileReference; explicitFileType = wrapper.cfbundle; includeInIndex = 0; path = "Hobby ShareTests.xctest"; sourceTree = BUILT_PRODUCTS_DIR; };
		8EA817AA202C8ADB0012D2FD /* Hobby_ShareTests.swift */ = {isa = PBXFileReference; lastKnownFileType = sourcecode.swift; path = Hobby_ShareTests.swift; sourceTree = "<group>"; };
		8EA817AC202C8ADB0012D2FD /* Info.plist */ = {isa = PBXFileReference; lastKnownFileType = text.plist.xml; path = Info.plist; sourceTree = "<group>"; };
		8EA817B1202C8ADB0012D2FD /* Hobby ShareUITests.xctest */ = {isa = PBXFileReference; explicitFileType = wrapper.cfbundle; includeInIndex = 0; path = "Hobby ShareUITests.xctest"; sourceTree = BUILT_PRODUCTS_DIR; };
		8EA817B5202C8ADB0012D2FD /* Hobby_ShareUITests.swift */ = {isa = PBXFileReference; lastKnownFileType = sourcecode.swift; path = Hobby_ShareUITests.swift; sourceTree = "<group>"; };
		8EA817B7202C8ADB0012D2FD /* Info.plist */ = {isa = PBXFileReference; lastKnownFileType = text.plist.xml; path = Info.plist; sourceTree = "<group>"; };
		8EA817C4202C8B640012D2FD /* MapKit.framework */ = {isa = PBXFileReference; lastKnownFileType = wrapper.framework; name = MapKit.framework; path = System/Library/Frameworks/MapKit.framework; sourceTree = SDKROOT; };
/* End PBXFileReference section */

/* Begin PBXFrameworksBuildPhase section */
		8EA8178F202C8ADB0012D2FD /* Frameworks */ = {
			isa = PBXFrameworksBuildPhase;
			buildActionMask = 2147483647;
			files = (
				8EA817C5202C8B640012D2FD /* MapKit.framework in Frameworks */,
			);
			runOnlyForDeploymentPostprocessing = 0;
		};
		8EA817A3202C8ADB0012D2FD /* Frameworks */ = {
			isa = PBXFrameworksBuildPhase;
			buildActionMask = 2147483647;
			files = (
			);
			runOnlyForDeploymentPostprocessing = 0;
		};
		8EA817AE202C8ADB0012D2FD /* Frameworks */ = {
			isa = PBXFrameworksBuildPhase;
			buildActionMask = 2147483647;
			files = (
			);
			runOnlyForDeploymentPostprocessing = 0;
		};
/* End PBXFrameworksBuildPhase section */

/* Begin PBXGroup section */
		8EA81789202C8ADB0012D2FD = {
			isa = PBXGroup;
			children = (
				8EA81794202C8ADB0012D2FD /* Hobby Share */,
				8EA817A9202C8ADB0012D2FD /* Hobby ShareTests */,
				8EA817B4202C8ADB0012D2FD /* Hobby ShareUITests */,
				8EA81793202C8ADB0012D2FD /* Products */,
				8EA817C3202C8B640012D2FD /* Frameworks */,
			);
			sourceTree = "<group>";
		};
		8EA81793202C8ADB0012D2FD /* Products */ = {
			isa = PBXGroup;
			children = (
				8EA81792202C8ADB0012D2FD /* Hobby Share.app */,
				8EA817A6202C8ADB0012D2FD /* Hobby ShareTests.xctest */,
				8EA817B1202C8ADB0012D2FD /* Hobby ShareUITests.xctest */,
			);
			name = Products;
			sourceTree = "<group>";
		};
		8EA81794202C8ADB0012D2FD /* Hobby Share */ = {
			isa = PBXGroup;
			children = (
				8EA81795202C8ADB0012D2FD /* AppDelegate.swift */,
				8EA81797202C8ADB0012D2FD /* ViewController.swift */,
				8EA81799202C8ADB0012D2FD /* Main.storyboard */,
				8EA8179C202C8ADB0012D2FD /* Assets.xcassets */,
				8EA8179E202C8ADB0012D2FD /* LaunchScreen.storyboard */,
				8EA817A1202C8ADB0012D2FD /* Info.plist */,
			);
			path = "Hobby Share";
			sourceTree = "<group>";
		};
		8EA817A9202C8ADB0012D2FD /* Hobby ShareTests */ = {
			isa = PBXGroup;
			children = (
				8EA817AA202C8ADB0012D2FD /* Hobby_ShareTests.swift */,
				8EA817AC202C8ADB0012D2FD /* Info.plist */,
			);
			path = "Hobby ShareTests";
			sourceTree = "<group>";
		};
		8EA817B4202C8ADB0012D2FD /* Hobby ShareUITests */ = {
			isa = PBXGroup;
			children = (
				8EA817B5202C8ADB0012D2FD /* Hobby_ShareUITests.swift */,
				8EA817B7202C8ADB0012D2FD /* Info.plist */,
			);
			path = "Hobby ShareUITests";
			sourceTree = "<group>";
		};
		8EA817C3202C8B640012D2FD /* Frameworks */ = {
			isa = PBXGroup;
			children = (
				8EA817C4202C8B640012D2FD /* MapKit.framework */,
			);
			name = Frameworks;
			sourceTree = "<group>";
		};
/* End PBXGroup section */

/* Begin PBXNativeTarget section */
		8EA81791202C8ADB0012D2FD /* Hobby Share */ = {
			isa = PBXNativeTarget;
			buildConfigurationList = 8EA817BA202C8ADB0012D2FD /* Build configuration list for PBXNativeTarget "Hobby Share" */;
			buildPhases = (
				8EA8178E202C8ADB0012D2FD /* Sources */,
				8EA8178F202C8ADB0012D2FD /* Frameworks */,
				8EA81790202C8ADB0012D2FD /* Resources */,
			);
			buildRules = (
			);
			dependencies = (
			);
			name = "Hobby Share";
			productName = "Hobby Share";
			productReference = 8EA81792202C8ADB0012D2FD /* Hobby Share.app */;
			productType = "com.apple.product-type.application";
		};
		8EA817A5202C8ADB0012D2FD /* Hobby ShareTests */ = {
			isa = PBXNativeTarget;
			buildConfigurationList = 8EA817BD202C8ADB0012D2FD /* Build configuration list for PBXNativeTarget "Hobby ShareTests" */;
			buildPhases = (
				8EA817A2202C8ADB0012D2FD /* Sources */,
				8EA817A3202C8ADB0012D2FD /* Frameworks */,
				8EA817A4202C8ADB0012D2FD /* Resources */,
			);
			buildRules = (
			);
			dependencies = (
				8EA817A8202C8ADB0012D2FD /* PBXTargetDependency */,
			);
			name = "Hobby ShareTests";
			productName = "Hobby ShareTests";
			productReference = 8EA817A6202C8ADB0012D2FD /* Hobby ShareTests.xctest */;
			productType = "com.apple.product-type.bundle.unit-test";
		};
		8EA817B0202C8ADB0012D2FD /* Hobby ShareUITests */ = {
			isa = PBXNativeTarget;
			buildConfigurationList = 8EA817C0202C8ADB0012D2FD /* Build configuration list for PBXNativeTarget "Hobby ShareUITests" */;
			buildPhases = (
				8EA817AD202C8ADB0012D2FD /* Sources */,
				8EA817AE202C8ADB0012D2FD /* Frameworks */,
				8EA817AF202C8ADB0012D2FD /* Resources */,
			);
			buildRules = (
			);
			dependencies = (
				8EA817B3202C8ADB0012D2FD /* PBXTargetDependency */,
			);
			name = "Hobby ShareUITests";
			productName = "Hobby ShareUITests";
			productReference = 8EA817B1202C8ADB0012D2FD /* Hobby ShareUITests.xctest */;
			productType = "com.apple.product-type.bundle.ui-testing";
		};
/* End PBXNativeTarget section */

/* Begin PBXProject section */
		8EA8178A202C8ADB0012D2FD /* Project object */ = {
			isa = PBXProject;
			attributes = {
				LastSwiftUpdateCheck = 0920;
				LastUpgradeCheck = 0920;
				ORGANIZATIONNAME = "Arthur Nsereko Kahwa";
				TargetAttributes = {
					8EA81791202C8ADB0012D2FD = {
						CreatedOnToolsVersion = 9.2;
						ProvisioningStyle = Automatic;
					};
					8EA817A5202C8ADB0012D2FD = {
						CreatedOnToolsVersion = 9.2;
						ProvisioningStyle = Automatic;
						TestTargetID = 8EA81791202C8ADB0012D2FD;
					};
					8EA817B0202C8ADB0012D2FD = {
						CreatedOnToolsVersion = 9.2;
						ProvisioningStyle = Automatic;
						TestTargetID = 8EA81791202C8ADB0012D2FD;
					};
				};
			};
			buildConfigurationList = 8EA8178D202C8ADB0012D2FD /* Build configuration list for PBXProject "Hobby Share" */;
			compatibilityVersion = "Xcode 8.0";
			developmentRegion = en;
			hasScannedForEncodings = 0;
			knownRegions = (
				en,
				Base,
			);
			mainGroup = 8EA81789202C8ADB0012D2FD;
			productRefGroup = 8EA81793202C8ADB0012D2FD /* Products */;
			projectDirPath = "";
			projectRoot = "";
			targets = (
				8EA81791202C8ADB0012D2FD /* Hobby Share */,
				8EA817A5202C8ADB0012D2FD /* Hobby ShareTests */,
				8EA817B0202C8ADB0012D2FD /* Hobby ShareUITests */,
			);
		};
/* End PBXProject section */

/* Begin PBXResourcesBuildPhase section */
		8EA81790202C8ADB0012D2FD /* Resources */ = {
			isa = PBXResourcesBuildPhase;
			buildActionMask = 2147483647;
			files = (
				8EA817A0202C8ADB0012D2FD /* LaunchScreen.storyboard in Resources */,
				8EA8179D202C8ADB0012D2FD /* Assets.xcassets in Resources */,
				8EA8179B202C8ADB0012D2FD /* Main.storyboard in Resources */,
			);
			runOnlyForDeploymentPostprocessing = 0;
		};
		8EA817A4202C8ADB0012D2FD /* Resources */ = {
			isa = PBXResourcesBuildPhase;
			buildActionMask = 2147483647;
			files = (
			);
			runOnlyForDeploymentPostprocessing = 0;
		};
		8EA817AF202C8ADB0012D2FD /* Resources */ = {
			isa = PBXResourcesBuildPhase;
			buildActionMask = 2147483647;
			files = (
			);
			runOnlyForDeploymentPostprocessing = 0;
		};
/* End PBXResourcesBuildPhase section */

/* Begin PBXSourcesBuildPhase section */
		8EA8178E202C8ADB0012D2FD /* Sources */ = {
			isa = PBXSourcesBuildPhase;
			buildActionMask = 2147483647;
			files = (
				8EA81798202C8ADB0012D2FD /* ViewController.swift in Sources */,
				8EA81796202C8ADB0012D2FD /* AppDelegate.swift in Sources */,
			);
			runOnlyForDeploymentPostprocessing = 0;
		};
		8EA817A2202C8ADB0012D2FD /* Sources */ = {
			isa = PBXSourcesBuildPhase;
			buildActionMask = 2147483647;
			files = (
				8EA817AB202C8ADB0012D2FD /* Hobby_ShareTests.swift in Sources */,
			);
			runOnlyForDeploymentPostprocessing = 0;
		};
		8EA817AD202C8ADB0012D2FD /* Sources */ = {
			isa = PBXSourcesBuildPhase;
			buildActionMask = 2147483647;
			files = (
				8EA817B6202C8ADB0012D2FD /* Hobby_ShareUITests.swift in Sources */,
			);
			runOnlyForDeploymentPostprocessing = 0;
		};
/* End PBXSourcesBuildPhase section */

/* Begin PBXTargetDependency section */
		8EA817A8202C8ADB0012D2FD /* PBXTargetDependency */ = {
			isa = PBXTargetDependency;
			target = 8EA81791202C8ADB0012D2FD /* Hobby Share */;
			targetProxy = 8EA817A7202C8ADB0012D2FD /* PBXContainerItemProxy */;
		};
		8EA817B3202C8ADB0012D2FD /* PBXTargetDependency */ = {
			isa = PBXTargetDependency;
			target = 8EA81791202C8ADB0012D2FD /* Hobby Share */;
			targetProxy = 8EA817B2202C8ADB0012D2FD /* PBXContainerItemProxy */;
		};
/* End PBXTargetDependency section */

/* Begin PBXVariantGroup section */
		8EA81799202C8ADB0012D2FD /* Main.storyboard */ = {
			isa = PBXVariantGroup;
			children = (
				8EA8179A202C8ADB0012D2FD /* Base */,
			);
			name = Main.storyboard;
			sourceTree = "<group>";
		};
		8EA8179E202C8ADB0012D2FD /* LaunchScreen.storyboard */ = {
			isa = PBXVariantGroup;
			children = (
				8EA8179F202C8ADB0012D2FD /* Base */,
			);
			name = LaunchScreen.storyboard;
			sourceTree = "<group>";
		};
/* End PBXVariantGroup section */

/* Begin XCBuildConfiguration section */
		8EA817B8202C8ADB0012D2FD /* Debug */ = {
			isa = XCBuildConfiguration;
			buildSettings = {
				ALWAYS_SEARCH_USER_PATHS = NO;
				CLANG_ANALYZER_NONNULL = YES;
				CLANG_ANALYZER_NUMBER_OBJECT_CONVERSION = YES_AGGRESSIVE;
				CLANG_CXX_LANGUAGE_STANDARD = "gnu++14";
				CLANG_CXX_LIBRARY = "libc++";
				CLANG_ENABLE_MODULES = YES;
				CLANG_ENABLE_OBJC_ARC = YES;
				CLANG_WARN_BLOCK_CAPTURE_AUTORELEASING = YES;
				CLANG_WARN_BOOL_CONVERSION = YES;
				CLANG_WARN_COMMA = YES;
				CLANG_WARN_CONSTANT_CONVERSION = YES;
				CLANG_WARN_DIRECT_OBJC_ISA_USAGE = YES_ERROR;
				CLANG_WARN_DOCUMENTATION_COMMENTS = YES;
				CLANG_WARN_EMPTY_BODY = YES;
				CLANG_WARN_ENUM_CONVERSION = YES;
				CLANG_WARN_INFINITE_RECURSION = YES;
				CLANG_WARN_INT_CONVERSION = YES;
				CLANG_WARN_NON_LITERAL_NULL_CONVERSION = YES;
				CLANG_WARN_OBJC_LITERAL_CONVERSION = YES;
				CLANG_WARN_OBJC_ROOT_CLASS = YES_ERROR;
				CLANG_WARN_RANGE_LOOP_ANALYSIS = YES;
				CLANG_WARN_STRICT_PROTOTYPES = YES;
				CLANG_WARN_SUSPICIOUS_MOVE = YES;
				CLANG_WARN_UNGUARDED_AVAILABILITY = YES_AGGRESSIVE;
				CLANG_WARN_UNREACHABLE_CODE = YES;
				CLANG_WARN__DUPLICATE_METHOD_MATCH = YES;
				CODE_SIGN_IDENTITY = "iPhone Developer";
				COPY_PHASE_STRIP = NO;
				DEBUG_INFORMATION_FORMAT = dwarf;
				ENABLE_STRICT_OBJC_MSGSEND = YES;
				ENABLE_TESTABILITY = YES;
				GCC_C_LANGUAGE_STANDARD = gnu11;
				GCC_DYNAMIC_NO_PIC = NO;
				GCC_NO_COMMON_BLOCKS = YES;
				GCC_OPTIMIZATION_LEVEL = 0;
				GCC_PREPROCESSOR_DEFINITIONS = (
					"DEBUG=1",
					"$(inherited)",
				);
				GCC_WARN_64_TO_32_BIT_CONVERSION = YES;
				GCC_WARN_ABOUT_RETURN_TYPE = YES_ERROR;
				GCC_WARN_UNDECLARED_SELECTOR = YES;
				GCC_WARN_UNINITIALIZED_AUTOS = YES_AGGRESSIVE;
				GCC_WARN_UNUSED_FUNCTION = YES;
				GCC_WARN_UNUSED_VARIABLE = YES;
				IPHONEOS_DEPLOYMENT_TARGET = 11.2;
				MTL_ENABLE_DEBUG_INFO = YES;
				ONLY_ACTIVE_ARCH = YES;
				SDKROOT = iphoneos;
				SWIFT_ACTIVE_COMPILATION_CONDITIONS = DEBUG;
				SWIFT_OPTIMIZATION_LEVEL = "-Onone";
			};
			name = Debug;
		};
		8EA817B9202C8ADB0012D2FD /* Release */ = {
			isa = XCBuildConfiguration;
			buildSettings = {
				ALWAYS_SEARCH_USER_PATHS = NO;
				CLANG_ANALYZER_NONNULL = YES;
				CLANG_ANALYZER_NUMBER_OBJECT_CONVERSION = YES_AGGRESSIVE;
				CLANG_CXX_LANGUAGE_STANDARD = "gnu++14";
				CLANG_CXX_LIBRARY = "libc++";
				CLANG_ENABLE_MODULES = YES;
				CLANG_ENABLE_OBJC_ARC = YES;
				CLANG_WARN_BLOCK_CAPTURE_AUTORELEASING = YES;
				CLANG_WARN_BOOL_CONVERSION = YES;
				CLANG_WARN_COMMA = YES;
				CLANG_WARN_CONSTANT_CONVERSION = YES;
				CLANG_WARN_DIRECT_OBJC_ISA_USAGE = YES_ERROR;
				CLANG_WARN_DOCUMENTATION_COMMENTS = YES;
				CLANG_WARN_EMPTY_BODY = YES;
				CLANG_WARN_ENUM_CONVERSION = YES;
				CLANG_WARN_INFINITE_RECURSION = YES;
				CLANG_WARN_INT_CONVERSION = YES;
				CLANG_WARN_NON_LITERAL_NULL_CONVERSION = YES;
				CLANG_WARN_OBJC_LITERAL_CONVERSION = YES;
				CLANG_WARN_OBJC_ROOT_CLASS = YES_ERROR;
				CLANG_WARN_RANGE_LOOP_ANALYSIS = YES;
				CLANG_WARN_STRICT_PROTOTYPES = YES;
				CLANG_WARN_SUSPICIOUS_MOVE = YES;
				CLANG_WARN_UNGUARDED_AVAILABILITY = YES_AGGRESSIVE;
				CLANG_WARN_UNREACHABLE_CODE = YES;
				CLANG_WARN__DUPLICATE_METHOD_MATCH = YES;
				CODE_SIGN_IDENTITY = "iPhone Developer";
				COPY_PHASE_STRIP = NO;
				DEBUG_INFORMATION_FORMAT = "dwarf-with-dsym";
				ENABLE_NS_ASSERTIONS = NO;
				ENABLE_STRICT_OBJC_MSGSEND = YES;
				GCC_C_LANGUAGE_STANDARD = gnu11;
				GCC_NO_COMMON_BLOCKS = YES;
				GCC_WARN_64_TO_32_BIT_CONVERSION = YES;
				GCC_WARN_ABOUT_RETURN_TYPE = YES_ERROR;
				GCC_WARN_UNDECLARED_SELECTOR = YES;
				GCC_WARN_UNINITIALIZED_AUTOS = YES_AGGRESSIVE;
				GCC_WARN_UNUSED_FUNCTION = YES;
				GCC_WARN_UNUSED_VARIABLE = YES;
				IPHONEOS_DEPLOYMENT_TARGET = 11.2;
				MTL_ENABLE_DEBUG_INFO = NO;
				SDKROOT = iphoneos;
				SWIFT_OPTIMIZATION_LEVEL = "-Owholemodule";
				VALIDATE_PRODUCT = YES;
			};
			name = Release;
		};
		8EA817BB202C8ADB0012D2FD /* Debug */ = {
			isa = XCBuildConfiguration;
			buildSettings = {
				ASSETCATALOG_COMPILER_APPICON_NAME = AppIcon;
				CODE_SIGN_STYLE = Automatic;
				DEVELOPMENT_TEAM = 7X8WVYDFHZ;
				INFOPLIST_FILE = "Hobby Share/Info.plist";
				LD_RUNPATH_SEARCH_PATHS = "$(inherited) @executable_path/Frameworks";
				PRODUCT_BUNDLE_IDENTIFIER = "de.chapter.softwaremill.Hobby-Share";
				PRODUCT_NAME = "$(TARGET_NAME)";
				SWIFT_VERSION = 4.0;
				TARGETED_DEVICE_FAMILY = "1,2";
			};
			name = Debug;
		};
		8EA817BC202C8ADB0012D2FD /* Release */ = {
			isa = XCBuildConfiguration;
			buildSettings = {
				ASSETCATALOG_COMPILER_APPICON_NAME = AppIcon;
				CODE_SIGN_STYLE = Automatic;
				DEVELOPMENT_TEAM = 7X8WVYDFHZ;
				INFOPLIST_FILE = "Hobby Share/Info.plist";
				LD_RUNPATH_SEARCH_PATHS = "$(inherited) @executable_path/Frameworks";
				PRODUCT_BUNDLE_IDENTIFIER = "de.chapter.softwaremill.Hobby-Share";
				PRODUCT_NAME = "$(TARGET_NAME)";
				SWIFT_VERSION = 4.0;
				TARGETED_DEVICE_FAMILY = "1,2";
			};
			name = Release;
		};
		8EA817BE202C8ADB0012D2FD /* Debug */ = {
			isa = XCBuildConfiguration;
			buildSettings = {
				ALWAYS_EMBED_SWIFT_STANDARD_LIBRARIES = YES;
				BUNDLE_LOADER = "$(TEST_HOST)";
				CODE_SIGN_STYLE = Automatic;
				DEVELOPMENT_TEAM = 7X8WVYDFHZ;
				INFOPLIST_FILE = "Hobby ShareTests/Info.plist";
				LD_RUNPATH_SEARCH_PATHS = "$(inherited) @executable_path/Frameworks @loader_path/Frameworks";
				PRODUCT_BUNDLE_IDENTIFIER = "de.chapter.softwaremill.Hobby-ShareTests";
				PRODUCT_NAME = "$(TARGET_NAME)";
				SWIFT_VERSION = 4.0;
				TARGETED_DEVICE_FAMILY = "1,2";
				TEST_HOST = "$(BUILT_PRODUCTS_DIR)/Hobby Share.app/Hobby Share";
			};
			name = Debug;
		};
		8EA817BF202C8ADB0012D2FD /* Release */ = {
			isa = XCBuildConfiguration;
			buildSettings = {
				ALWAYS_EMBED_SWIFT_STANDARD_LIBRARIES = YES;
				BUNDLE_LOADER = "$(TEST_HOST)";
				CODE_SIGN_STYLE = Automatic;
				DEVELOPMENT_TEAM = 7X8WVYDFHZ;
				INFOPLIST_FILE = "Hobby ShareTests/Info.plist";
				LD_RUNPATH_SEARCH_PATHS = "$(inherited) @executable_path/Frameworks @loader_path/Frameworks";
				PRODUCT_BUNDLE_IDENTIFIER = "de.chapter.softwaremill.Hobby-ShareTests";
				PRODUCT_NAME = "$(TARGET_NAME)";
				SWIFT_VERSION = 4.0;
				TARGETED_DEVICE_FAMILY = "1,2";
				TEST_HOST = "$(BUILT_PRODUCTS_DIR)/Hobby Share.app/Hobby Share";
			};
			name = Release;
		};
		8EA817C1202C8ADB0012D2FD /* Debug */ = {
			isa = XCBuildConfiguration;
			buildSettings = {
				ALWAYS_EMBED_SWIFT_STANDARD_LIBRARIES = YES;
				CODE_SIGN_STYLE = Automatic;
				DEVELOPMENT_TEAM = 7X8WVYDFHZ;
				INFOPLIST_FILE = "Hobby ShareUITests/Info.plist";
				LD_RUNPATH_SEARCH_PATHS = "$(inherited) @executable_path/Frameworks @loader_path/Frameworks";
				PRODUCT_BUNDLE_IDENTIFIER = "de.chapter.softwaremill.Hobby-ShareUITests";
				PRODUCT_NAME = "$(TARGET_NAME)";
				SWIFT_VERSION = 4.0;
				TARGETED_DEVICE_FAMILY = "1,2";
				TEST_TARGET_NAME = "Hobby Share";
			};
			name = Debug;
		};
		8EA817C2202C8ADB0012D2FD /* Release */ = {
			isa = XCBuildConfiguration;
			buildSettings = {
				ALWAYS_EMBED_SWIFT_STANDARD_LIBRARIES = YES;
				CODE_SIGN_STYLE = Automatic;
				DEVELOPMENT_TEAM = 7X8WVYDFHZ;
				INFOPLIST_FILE = "Hobby ShareUITests/Info.plist";
				LD_RUNPATH_SEARCH_PATHS = "$(inherited) @executable_path/Frameworks @loader_path/Frameworks";
				PRODUCT_BUNDLE_IDENTIFIER = "de.chapter.softwaremill.Hobby-ShareUITests";
				PRODUCT_NAME = "$(TARGET_NAME)";
				SWIFT_VERSION = 4.0;
				TARGETED_DEVICE_FAMILY = "1,2";
				TEST_TARGET_NAME = "Hobby Share";
			};
			name = Release;
		};
/* End XCBuildConfiguration section */

/* Begin XCConfigurationList section */
		8EA8178D202C8ADB0012D2FD /* Build configuration list for PBXProject "Hobby Share" */ = {
			isa = XCConfigurationList;
			buildConfigurations = (
				8EA817B8202C8ADB0012D2FD /* Debug */,
				8EA817B9202C8ADB0012D2FD /* Release */,
			);
			defaultConfigurationIsVisible = 0;
			defaultConfigurationName = Release;
		};
		8EA817BA202C8ADB0012D2FD /* Build configuration list for PBXNativeTarget "Hobby Share" */ = {
			isa = XCConfigurationList;
			buildConfigurations = (
				8EA817BB202C8ADB0012D2FD /* Debug */,
				8EA817BC202C8ADB0012D2FD /* Release */,
			);
			defaultConfigurationIsVisible = 0;
			defaultConfigurationName = Release;
		};
		8EA817BD202C8ADB0012D2FD /* Build configuration list for PBXNativeTarget "Hobby ShareTests" */ = {
			isa = XCConfigurationList;
			buildConfigurations = (
				8EA817BE202C8ADB0012D2FD /* Debug */,
				8EA817BF202C8ADB0012D2FD /* Release */,
			);
			defaultConfigurationIsVisible = 0;
			defaultConfigurationName = Release;
		};
		8EA817C0202C8ADB0012D2FD /* Build configuration list for PBXNativeTarget "Hobby ShareUITests" */ = {
			isa = XCConfigurationList;
			buildConfigurations = (
				8EA817C1202C8ADB0012D2FD /* Debug */,
				8EA817C2202C8ADB0012D2FD /* Release */,
			);
			defaultConfigurationIsVisible = 0;
			defaultConfigurationName = Release;
		};
/* End XCConfigurationList section */
	};
	rootObject = 8EA8178A202C8ADB0012D2FD /* Project object */;
}
