// !$*UTF8*$!
{
	archiveVersion = 1;
	classes = {
	};
	objectVersion = 48;
	objects = {

/* Begin PBXBuildFile section */
		8E36E12C1FF3BEBA0060338A /* AppDelegate.swift in Sources */ = {isa = PBXBuildFile; fileRef = 8E36E12B1FF3BEBA0060338A /* AppDelegate.swift */; };
		8E36E12F1FF3BEBA0060338A /* Lend_O_Matic.xcdatamodeld in Sources */ = {isa = PBXBuildFile; fileRef = 8E36E12D1FF3BEBA0060338A /* Lend_O_Matic.xcdatamodeld */; };
		8E36E1311FF3BEBA0060338A /* MasterViewController.swift in Sources */ = {isa = PBXBuildFile; fileRef = 8E36E1301FF3BEBA0060338A /* MasterViewController.swift */; };
		8E36E1331FF3BEBA0060338A /* DetailViewController.swift in Sources */ = {isa = PBXBuildFile; fileRef = 8E36E1321FF3BEBA0060338A /* DetailViewController.swift */; };
		8E36E1361FF3BEBA0060338A /* Main.storyboard in Resources */ = {isa = PBXBuildFile; fileRef = 8E36E1341FF3BEBA0060338A /* Main.storyboard */; };
		8E36E1381FF3BEBA0060338A /* Assets.xcassets in Resources */ = {isa = PBXBuildFile; fileRef = 8E36E1371FF3BEBA0060338A /* Assets.xcassets */; };
		8E36E13B1FF3BEBA0060338A /* LaunchScreen.storyboard in Resources */ = {isa = PBXBuildFile; fileRef = 8E36E1391FF3BEBA0060338A /* LaunchScreen.storyboard */; };
		8E6D35AF1FFC056E0080A9BB /* UIImage+Scale.swift in Sources */ = {isa = PBXBuildFile; fileRef = 8E6D35AE1FFC056E0080A9BB /* UIImage+Scale.swift */; };
		8ED5B1671FFD54A100DD2DD6 /* GLCalendarView.m in Sources */ = {isa = PBXBuildFile; fileRef = 8ED5B1521FFD54A100DD2DD6 /* GLCalendarView.m */; };
		8ED5B1681FFD54A100DD2DD6 /* GLCalendarDayCell.m in Sources */ = {isa = PBXBuildFile; fileRef = 8ED5B1561FFD54A100DD2DD6 /* GLCalendarDayCell.m */; };
		8ED5B1691FFD54A100DD2DD6 /* GLCalendarDayCell.xib in Resources */ = {isa = PBXBuildFile; fileRef = 8ED5B1571FFD54A100DD2DD6 /* GLCalendarDayCell.xib */; };
		8ED5B16A1FFD54A100DD2DD6 /* GLCalendarDayCellBackgroundCover.m in Sources */ = {isa = PBXBuildFile; fileRef = 8ED5B1581FFD54A100DD2DD6 /* GLCalendarDayCellBackgroundCover.m */; };
		8ED5B16B1FFD54A100DD2DD6 /* GLDateUtils.m in Sources */ = {isa = PBXBuildFile; fileRef = 8ED5B1591FFD54A100DD2DD6 /* GLDateUtils.m */; };
		8ED5B16C1FFD54A100DD2DD6 /* gl-calendar-shadow@2x.png in Resources */ = {isa = PBXBuildFile; fileRef = 8ED5B15B1FFD54A100DD2DD6 /* gl-calendar-shadow@2x.png */; };
		8ED5B16D1FFD54A100DD2DD6 /* gl-calendar-shadow@3x.png in Resources */ = {isa = PBXBuildFile; fileRef = 8ED5B15C1FFD54A100DD2DD6 /* gl-calendar-shadow@3x.png */; };
		8ED5B16E1FFD54A100DD2DD6 /* gl-calendar-shadow.png in Resources */ = {isa = PBXBuildFile; fileRef = 8ED5B15D1FFD54A100DD2DD6 /* gl-calendar-shadow.png */; };
		8ED5B16F1FFD54A100DD2DD6 /* gl-calendar-magnify-glass.png in Resources */ = {isa = PBXBuildFile; fileRef = 8ED5B15E1FFD54A100DD2DD6 /* gl-calendar-magnify-glass.png */; };
		8ED5B1701FFD54A100DD2DD6 /* gl-calendar-magnify-glass@2x.png in Resources */ = {isa = PBXBuildFile; fileRef = 8ED5B15F1FFD54A100DD2DD6 /* gl-calendar-magnify-glass@2x.png */; };
		8ED5B1711FFD54A100DD2DD6 /* GLCalendarMonthCoverView.m in Sources */ = {isa = PBXBuildFile; fileRef = 8ED5B1611FFD54A100DD2DD6 /* GLCalendarMonthCoverView.m */; };
		8ED5B1721FFD54A100DD2DD6 /* GLCalendarDateRange.m in Sources */ = {isa = PBXBuildFile; fileRef = 8ED5B1641FFD54A100DD2DD6 /* GLCalendarDateRange.m */; };
		8ED5B1731FFD54A100DD2DD6 /* GLCalendarView.xib in Resources */ = {isa = PBXBuildFile; fileRef = 8ED5B1651FFD54A100DD2DD6 /* GLCalendarView.xib */; };
		8ED5B1781FFD5C0200DD2DD6 /* TimeframeViewController.swift in Sources */ = {isa = PBXBuildFile; fileRef = 8ED5B1771FFD5C0200DD2DD6 /* TimeframeViewController.swift */; };
		8ED5B1811FFE917500DD2DD6 /* NSString+Levenshtein.m in Sources */ = {isa = PBXBuildFile; fileRef = 8ED5B17B1FFE917500DD2DD6 /* NSString+Levenshtein.m */; };
		8ED5B1821FFE917500DD2DD6 /* MLPAutoCompleteTextField.m in Sources */ = {isa = PBXBuildFile; fileRef = 8ED5B17F1FFE917500DD2DD6 /* MLPAutoCompleteTextField.m */; };
/* End PBXBuildFile section */

/* Begin PBXFileReference section */
		8E36E1281FF3BEBA0060338A /* Lend-O-Matic.app */ = {isa = PBXFileReference; explicitFileType = wrapper.application; includeInIndex = 0; path = "Lend-O-Matic.app"; sourceTree = BUILT_PRODUCTS_DIR; };
		8E36E12B1FF3BEBA0060338A /* AppDelegate.swift */ = {isa = PBXFileReference; lastKnownFileType = sourcecode.swift; path = AppDelegate.swift; sourceTree = "<group>"; };
		8E36E12E1FF3BEBA0060338A /* Lend_O_Matic.xcdatamodel */ = {isa = PBXFileReference; lastKnownFileType = wrapper.xcdatamodel; path = Lend_O_Matic.xcdatamodel; sourceTree = "<group>"; };
		8E36E1301FF3BEBA0060338A /* MasterViewController.swift */ = {isa = PBXFileReference; lastKnownFileType = sourcecode.swift; path = MasterViewController.swift; sourceTree = "<group>"; };
		8E36E1321FF3BEBA0060338A /* DetailViewController.swift */ = {isa = PBXFileReference; lastKnownFileType = sourcecode.swift; path = DetailViewController.swift; sourceTree = "<group>"; };
		8E36E1351FF3BEBA0060338A /* Base */ = {isa = PBXFileReference; lastKnownFileType = file.storyboard; name = Base; path = Base.lproj/Main.storyboard; sourceTree = "<group>"; };
		8E36E1371FF3BEBA0060338A /* Assets.xcassets */ = {isa = PBXFileReference; lastKnownFileType = folder.assetcatalog; path = Assets.xcassets; sourceTree = "<group>"; };
		8E36E13A1FF3BEBA0060338A /* Base */ = {isa = PBXFileReference; lastKnownFileType = file.storyboard; name = Base; path = Base.lproj/LaunchScreen.storyboard; sourceTree = "<group>"; };
		8E36E13C1FF3BEBA0060338A /* Info.plist */ = {isa = PBXFileReference; lastKnownFileType = text.plist.xml; path = Info.plist; sourceTree = "<group>"; };
		8E6D35AE1FFC056E0080A9BB /* UIImage+Scale.swift */ = {isa = PBXFileReference; fileEncoding = 4; lastKnownFileType = sourcecode.swift; path = "UIImage+Scale.swift"; sourceTree = "<group>"; };
		8ED5B1521FFD54A100DD2DD6 /* GLCalendarView.m */ = {isa = PBXFileReference; fileEncoding = 4; lastKnownFileType = sourcecode.c.objc; path = GLCalendarView.m; sourceTree = "<group>"; };
		8ED5B1541FFD54A100DD2DD6 /* GLCalendarDayCell.h */ = {isa = PBXFileReference; fileEncoding = 4; lastKnownFileType = sourcecode.c.h; path = GLCalendarDayCell.h; sourceTree = "<group>"; };
		8ED5B1551FFD54A100DD2DD6 /* GLCalendarDayCellBackgroundCover.h */ = {isa = PBXFileReference; fileEncoding = 4; lastKnownFileType = sourcecode.c.h; path = GLCalendarDayCellBackgroundCover.h; sourceTree = "<group>"; };
		8ED5B1561FFD54A100DD2DD6 /* GLCalendarDayCell.m */ = {isa = PBXFileReference; fileEncoding = 4; lastKnownFileType = sourcecode.c.objc; path = GLCalendarDayCell.m; sourceTree = "<group>"; };
		8ED5B1571FFD54A100DD2DD6 /* GLCalendarDayCell.xib */ = {isa = PBXFileReference; fileEncoding = 4; lastKnownFileType = file.xib; path = GLCalendarDayCell.xib; sourceTree = "<group>"; };
		8ED5B1581FFD54A100DD2DD6 /* GLCalendarDayCellBackgroundCover.m */ = {isa = PBXFileReference; fileEncoding = 4; lastKnownFileType = sourcecode.c.objc; path = GLCalendarDayCellBackgroundCover.m; sourceTree = "<group>"; };
		8ED5B1591FFD54A100DD2DD6 /* GLDateUtils.m */ = {isa = PBXFileReference; fileEncoding = 4; lastKnownFileType = sourcecode.c.objc; path = GLDateUtils.m; sourceTree = "<group>"; };
		8ED5B15B1FFD54A100DD2DD6 /* gl-calendar-shadow@2x.png */ = {isa = PBXFileReference; lastKnownFileType = image.png; path = "gl-calendar-shadow@2x.png"; sourceTree = "<group>"; };
		8ED5B15C1FFD54A100DD2DD6 /* gl-calendar-shadow@3x.png */ = {isa = PBXFileReference; lastKnownFileType = image.png; path = "gl-calendar-shadow@3x.png"; sourceTree = "<group>"; };
		8ED5B15D1FFD54A100DD2DD6 /* gl-calendar-shadow.png */ = {isa = PBXFileReference; lastKnownFileType = image.png; path = "gl-calendar-shadow.png"; sourceTree = "<group>"; };
		8ED5B15E1FFD54A100DD2DD6 /* gl-calendar-magnify-glass.png */ = {isa = PBXFileReference; lastKnownFileType = image.png; path = "gl-calendar-magnify-glass.png"; sourceTree = "<group>"; };
		8ED5B15F1FFD54A100DD2DD6 /* gl-calendar-magnify-glass@2x.png */ = {isa = PBXFileReference; lastKnownFileType = image.png; path = "gl-calendar-magnify-glass@2x.png"; sourceTree = "<group>"; };
		8ED5B1601FFD54A100DD2DD6 /* GLCalendarDateRange.h */ = {isa = PBXFileReference; fileEncoding = 4; lastKnownFileType = sourcecode.c.h; path = GLCalendarDateRange.h; sourceTree = "<group>"; };
		8ED5B1611FFD54A100DD2DD6 /* GLCalendarMonthCoverView.m */ = {isa = PBXFileReference; fileEncoding = 4; lastKnownFileType = sourcecode.c.objc; path = GLCalendarMonthCoverView.m; sourceTree = "<group>"; };
		8ED5B1621FFD54A100DD2DD6 /* GLCalendarView.h */ = {isa = PBXFileReference; fileEncoding = 4; lastKnownFileType = sourcecode.c.h; path = GLCalendarView.h; sourceTree = "<group>"; };
		8ED5B1631FFD54A100DD2DD6 /* GLDateUtils.h */ = {isa = PBXFileReference; fileEncoding = 4; lastKnownFileType = sourcecode.c.h; path = GLDateUtils.h; sourceTree = "<group>"; };
		8ED5B1641FFD54A100DD2DD6 /* GLCalendarDateRange.m */ = {isa = PBXFileReference; fileEncoding = 4; lastKnownFileType = sourcecode.c.objc; path = GLCalendarDateRange.m; sourceTree = "<group>"; };
		8ED5B1651FFD54A100DD2DD6 /* GLCalendarView.xib */ = {isa = PBXFileReference; fileEncoding = 4; lastKnownFileType = file.xib; path = GLCalendarView.xib; sourceTree = "<group>"; };
		8ED5B1661FFD54A100DD2DD6 /* GLCalendarMonthCoverView.h */ = {isa = PBXFileReference; fileEncoding = 4; lastKnownFileType = sourcecode.c.h; path = GLCalendarMonthCoverView.h; sourceTree = "<group>"; };
		8ED5B1751FFD577B00DD2DD6 /* BridgingHeader.h */ = {isa = PBXFileReference; lastKnownFileType = sourcecode.c.h; path = BridgingHeader.h; sourceTree = "<group>"; };
		8ED5B1771FFD5C0200DD2DD6 /* TimeframeViewController.swift */ = {isa = PBXFileReference; fileEncoding = 4; lastKnownFileType = sourcecode.swift; path = TimeframeViewController.swift; sourceTree = "<group>"; };
		8ED5B17A1FFE917500DD2DD6 /* MLPAutoCompleteTextField.h */ = {isa = PBXFileReference; fileEncoding = 4; lastKnownFileType = sourcecode.c.h; path = MLPAutoCompleteTextField.h; sourceTree = "<group>"; };
		8ED5B17B1FFE917500DD2DD6 /* NSString+Levenshtein.m */ = {isa = PBXFileReference; fileEncoding = 4; lastKnownFileType = sourcecode.c.objc; path = "NSString+Levenshtein.m"; sourceTree = "<group>"; };
		8ED5B17C1FFE917500DD2DD6 /* MLPAutoCompletionObject.h */ = {isa = PBXFileReference; fileEncoding = 4; lastKnownFileType = sourcecode.c.h; path = MLPAutoCompletionObject.h; sourceTree = "<group>"; };
		8ED5B17D1FFE917500DD2DD6 /* NSString+Levenshtein.h */ = {isa = PBXFileReference; fileEncoding = 4; lastKnownFileType = sourcecode.c.h; path = "NSString+Levenshtein.h"; sourceTree = "<group>"; };
		8ED5B17E1FFE917500DD2DD6 /* MLPAutoCompleteTextFieldDataSource.h */ = {isa = PBXFileReference; fileEncoding = 4; lastKnownFileType = sourcecode.c.h; path = MLPAutoCompleteTextFieldDataSource.h; sourceTree = "<group>"; };
		8ED5B17F1FFE917500DD2DD6 /* MLPAutoCompleteTextField.m */ = {isa = PBXFileReference; fileEncoding = 4; lastKnownFileType = sourcecode.c.objc; path = MLPAutoCompleteTextField.m; sourceTree = "<group>"; };
		8ED5B1801FFE917500DD2DD6 /* MLPAutoCompleteTextFieldDelegate.h */ = {isa = PBXFileReference; fileEncoding = 4; lastKnownFileType = sourcecode.c.h; path = MLPAutoCompleteTextFieldDelegate.h; sourceTree = "<group>"; };
/* End PBXFileReference section */

/* Begin PBXFrameworksBuildPhase section */
		8E36E1251FF3BEBA0060338A /* Frameworks */ = {
			isa = PBXFrameworksBuildPhase;
			buildActionMask = 2147483647;
			files = (
			);
			runOnlyForDeploymentPostprocessing = 0;
		};
/* End PBXFrameworksBuildPhase section */

/* Begin PBXGroup section */
		8E36E11F1FF3BEBA0060338A = {
			isa = PBXGroup;
			children = (
				8E36E12A1FF3BEBA0060338A /* Lend-O-Matic */,
				8E36E1291FF3BEBA0060338A /* Products */,
			);
			sourceTree = "<group>";
		};
		8E36E1291FF3BEBA0060338A /* Products */ = {
			isa = PBXGroup;
			children = (
				8E36E1281FF3BEBA0060338A /* Lend-O-Matic.app */,
			);
			name = Products;
			sourceTree = "<group>";
		};
		8E36E12A1FF3BEBA0060338A /* Lend-O-Matic */ = {
			isa = PBXGroup;
			children = (
				8ED5B1761FFD599A00DD2DD6 /* Helper */,
				8E36E12B1FF3BEBA0060338A /* AppDelegate.swift */,
				8ED5B1771FFD5C0200DD2DD6 /* TimeframeViewController.swift */,
				8E36E1301FF3BEBA0060338A /* MasterViewController.swift */,
				8E36E1321FF3BEBA0060338A /* DetailViewController.swift */,
				8ED5B1751FFD577B00DD2DD6 /* BridgingHeader.h */,
				8E36E1341FF3BEBA0060338A /* Main.storyboard */,
				8E36E1371FF3BEBA0060338A /* Assets.xcassets */,
				8E36E1391FF3BEBA0060338A /* LaunchScreen.storyboard */,
				8E36E13C1FF3BEBA0060338A /* Info.plist */,
				8E36E12D1FF3BEBA0060338A /* Lend_O_Matic.xcdatamodeld */,
			);
			path = "Lend-O-Matic";
			sourceTree = "<group>";
		};
		8ED5B1511FFD54A100DD2DD6 /* GLCalendarView */ = {
			isa = PBXGroup;
			children = (
				8ED5B1521FFD54A100DD2DD6 /* GLCalendarView.m */,
				8ED5B1531FFD54A100DD2DD6 /* GLCalendarDayCell */,
				8ED5B1591FFD54A100DD2DD6 /* GLDateUtils.m */,
				8ED5B15A1FFD54A100DD2DD6 /* Images */,
				8ED5B1601FFD54A100DD2DD6 /* GLCalendarDateRange.h */,
				8ED5B1611FFD54A100DD2DD6 /* GLCalendarMonthCoverView.m */,
				8ED5B1621FFD54A100DD2DD6 /* GLCalendarView.h */,
				8ED5B1631FFD54A100DD2DD6 /* GLDateUtils.h */,
				8ED5B1641FFD54A100DD2DD6 /* GLCalendarDateRange.m */,
				8ED5B1651FFD54A100DD2DD6 /* GLCalendarView.xib */,
				8ED5B1661FFD54A100DD2DD6 /* GLCalendarMonthCoverView.h */,
			);
			path = GLCalendarView;
			sourceTree = "<group>";
		};
		8ED5B1531FFD54A100DD2DD6 /* GLCalendarDayCell */ = {
			isa = PBXGroup;
			children = (
				8ED5B1541FFD54A100DD2DD6 /* GLCalendarDayCell.h */,
				8ED5B1551FFD54A100DD2DD6 /* GLCalendarDayCellBackgroundCover.h */,
				8ED5B1561FFD54A100DD2DD6 /* GLCalendarDayCell.m */,
				8ED5B1571FFD54A100DD2DD6 /* GLCalendarDayCell.xib */,
				8ED5B1581FFD54A100DD2DD6 /* GLCalendarDayCellBackgroundCover.m */,
			);
			path = GLCalendarDayCell;
			sourceTree = "<group>";
		};
		8ED5B15A1FFD54A100DD2DD6 /* Images */ = {
			isa = PBXGroup;
			children = (
				8ED5B15B1FFD54A100DD2DD6 /* gl-calendar-shadow@2x.png */,
				8ED5B15C1FFD54A100DD2DD6 /* gl-calendar-shadow@3x.png */,
				8ED5B15D1FFD54A100DD2DD6 /* gl-calendar-shadow.png */,
				8ED5B15E1FFD54A100DD2DD6 /* gl-calendar-magnify-glass.png */,
				8ED5B15F1FFD54A100DD2DD6 /* gl-calendar-magnify-glass@2x.png */,
			);
			path = Images;
			sourceTree = "<group>";
		};
		8ED5B1761FFD599A00DD2DD6 /* Helper */ = {
			isa = PBXGroup;
			children = (
				8E6D35AE1FFC056E0080A9BB /* UIImage+Scale.swift */,
				8ED5B1791FFE917500DD2DD6 /* MLPAutoCompleteTextField */,
				8ED5B1511FFD54A100DD2DD6 /* GLCalendarView */,
			);
			path = Helper;
			sourceTree = "<group>";
		};
		8ED5B1791FFE917500DD2DD6 /* MLPAutoCompleteTextField */ = {
			isa = PBXGroup;
			children = (
				8ED5B17A1FFE917500DD2DD6 /* MLPAutoCompleteTextField.h */,
				8ED5B17B1FFE917500DD2DD6 /* NSString+Levenshtein.m */,
				8ED5B17C1FFE917500DD2DD6 /* MLPAutoCompletionObject.h */,
				8ED5B17D1FFE917500DD2DD6 /* NSString+Levenshtein.h */,
				8ED5B17E1FFE917500DD2DD6 /* MLPAutoCompleteTextFieldDataSource.h */,
				8ED5B17F1FFE917500DD2DD6 /* MLPAutoCompleteTextField.m */,
				8ED5B1801FFE917500DD2DD6 /* MLPAutoCompleteTextFieldDelegate.h */,
			);
			path = MLPAutoCompleteTextField;
			sourceTree = "<group>";
		};
/* End PBXGroup section */

/* Begin PBXNativeTarget section */
		8E36E1271FF3BEBA0060338A /* Lend-O-Matic */ = {
			isa = PBXNativeTarget;
			buildConfigurationList = 8E36E13F1FF3BEBA0060338A /* Build configuration list for PBXNativeTarget "Lend-O-Matic" */;
			buildPhases = (
				8E36E1241FF3BEBA0060338A /* Sources */,
				8E36E1251FF3BEBA0060338A /* Frameworks */,
				8E36E1261FF3BEBA0060338A /* Resources */,
			);
			buildRules = (
			);
			dependencies = (
			);
			name = "Lend-O-Matic";
			productName = "Lend-O-Matic";
			productReference = 8E36E1281FF3BEBA0060338A /* Lend-O-Matic.app */;
			productType = "com.apple.product-type.application";
		};
/* End PBXNativeTarget section */

/* Begin PBXProject section */
		8E36E1201FF3BEBA0060338A /* Project object */ = {
			isa = PBXProject;
			attributes = {
				LastSwiftUpdateCheck = 0920;
				LastUpgradeCheck = 0920;
				ORGANIZATIONNAME = "Arthur Nsereko Kahwa";
				TargetAttributes = {
					8E36E1271FF3BEBA0060338A = {
						CreatedOnToolsVersion = 9.2;
						ProvisioningStyle = Automatic;
					};
				};
			};
			buildConfigurationList = 8E36E1231FF3BEBA0060338A /* Build configuration list for PBXProject "Lend-O-Matic" */;
			compatibilityVersion = "Xcode 8.0";
			developmentRegion = en;
			hasScannedForEncodings = 0;
			knownRegions = (
				en,
				Base,
			);
			mainGroup = 8E36E11F1FF3BEBA0060338A;
			productRefGroup = 8E36E1291FF3BEBA0060338A /* Products */;
			projectDirPath = "";
			projectRoot = "";
			targets = (
				8E36E1271FF3BEBA0060338A /* Lend-O-Matic */,
			);
		};
/* End PBXProject section */

/* Begin PBXResourcesBuildPhase section */
		8E36E1261FF3BEBA0060338A /* Resources */ = {
			isa = PBXResourcesBuildPhase;
			buildActionMask = 2147483647;
			files = (
				8E36E13B1FF3BEBA0060338A /* LaunchScreen.storyboard in Resources */,
				8ED5B16F1FFD54A100DD2DD6 /* gl-calendar-magnify-glass.png in Resources */,
				8ED5B16E1FFD54A100DD2DD6 /* gl-calendar-shadow.png in Resources */,
				8ED5B1701FFD54A100DD2DD6 /* gl-calendar-magnify-glass@2x.png in Resources */,
				8ED5B1691FFD54A100DD2DD6 /* GLCalendarDayCell.xib in Resources */,
				8ED5B16D1FFD54A100DD2DD6 /* gl-calendar-shadow@3x.png in Resources */,
				8ED5B16C1FFD54A100DD2DD6 /* gl-calendar-shadow@2x.png in Resources */,
				8ED5B1731FFD54A100DD2DD6 /* GLCalendarView.xib in Resources */,
				8E36E1381FF3BEBA0060338A /* Assets.xcassets in Resources */,
				8E36E1361FF3BEBA0060338A /* Main.storyboard in Resources */,
			);
			runOnlyForDeploymentPostprocessing = 0;
		};
/* End PBXResourcesBuildPhase section */

/* Begin PBXSourcesBuildPhase section */
		8E36E1241FF3BEBA0060338A /* Sources */ = {
			isa = PBXSourcesBuildPhase;
			buildActionMask = 2147483647;
			files = (
				8E36E12C1FF3BEBA0060338A /* AppDelegate.swift in Sources */,
				8ED5B1781FFD5C0200DD2DD6 /* TimeframeViewController.swift in Sources */,
				8ED5B1671FFD54A100DD2DD6 /* GLCalendarView.m in Sources */,
				8E36E12F1FF3BEBA0060338A /* Lend_O_Matic.xcdatamodeld in Sources */,
				8ED5B16A1FFD54A100DD2DD6 /* GLCalendarDayCellBackgroundCover.m in Sources */,
				8E36E1311FF3BEBA0060338A /* MasterViewController.swift in Sources */,
				8ED5B1811FFE917500DD2DD6 /* NSString+Levenshtein.m in Sources */,
				8ED5B1821FFE917500DD2DD6 /* MLPAutoCompleteTextField.m in Sources */,
				8ED5B1681FFD54A100DD2DD6 /* GLCalendarDayCell.m in Sources */,
				8ED5B16B1FFD54A100DD2DD6 /* GLDateUtils.m in Sources */,
				8E6D35AF1FFC056E0080A9BB /* UIImage+Scale.swift in Sources */,
				8ED5B1721FFD54A100DD2DD6 /* GLCalendarDateRange.m in Sources */,
				8ED5B1711FFD54A100DD2DD6 /* GLCalendarMonthCoverView.m in Sources */,
				8E36E1331FF3BEBA0060338A /* DetailViewController.swift in Sources */,
			);
			runOnlyForDeploymentPostprocessing = 0;
		};
/* End PBXSourcesBuildPhase section */

/* Begin PBXVariantGroup section */
		8E36E1341FF3BEBA0060338A /* Main.storyboard */ = {
			isa = PBXVariantGroup;
			children = (
				8E36E1351FF3BEBA0060338A /* Base */,
			);
			name = Main.storyboard;
			sourceTree = "<group>";
		};
		8E36E1391FF3BEBA0060338A /* LaunchScreen.storyboard */ = {
			isa = PBXVariantGroup;
			children = (
				8E36E13A1FF3BEBA0060338A /* Base */,
			);
			name = LaunchScreen.storyboard;
			sourceTree = "<group>";
		};
/* End PBXVariantGroup section */

/* Begin XCBuildConfiguration section */
		8E36E13D1FF3BEBA0060338A /* Debug */ = {
			isa = XCBuildConfiguration;
			buildSettings = {
				ALWAYS_SEARCH_USER_PATHS = NO;
				CLANG_ANALYZER_NONNULL = YES;
				CLANG_ANALYZER_NUMBER_OBJECT_CONVERSION = YES_AGGRESSIVE;
				CLANG_CXX_LANGUAGE_STANDARD = "gnu++14";
				CLANG_CXX_LIBRARY = "libc++";
				CLANG_ENABLE_MODULES = YES;
				CLANG_ENABLE_OBJC_ARC = YES;
				CLANG_WARN_BLOCK_CAPTURE_AUTORELEASING = YES;
				CLANG_WARN_BOOL_CONVERSION = YES;
				CLANG_WARN_COMMA = YES;
				CLANG_WARN_CONSTANT_CONVERSION = YES;
				CLANG_WARN_DIRECT_OBJC_ISA_USAGE = YES_ERROR;
				CLANG_WARN_DOCUMENTATION_COMMENTS = YES;
				CLANG_WARN_EMPTY_BODY = YES;
				CLANG_WARN_ENUM_CONVERSION = YES;
				CLANG_WARN_INFINITE_RECURSION = YES;
				CLANG_WARN_INT_CONVERSION = YES;
				CLANG_WARN_NON_LITERAL_NULL_CONVERSION = YES;
				CLANG_WARN_OBJC_LITERAL_CONVERSION = YES;
				CLANG_WARN_OBJC_ROOT_CLASS = YES_ERROR;
				CLANG_WARN_RANGE_LOOP_ANALYSIS = YES;
				CLANG_WARN_STRICT_PROTOTYPES = YES;
				CLANG_WARN_SUSPICIOUS_MOVE = YES;
				CLANG_WARN_UNGUARDED_AVAILABILITY = YES_AGGRESSIVE;
				CLANG_WARN_UNREACHABLE_CODE = YES;
				CLANG_WARN__DUPLICATE_METHOD_MATCH = YES;
				CODE_SIGN_IDENTITY = "iPhone Developer";
				COPY_PHASE_STRIP = NO;
				DEBUG_INFORMATION_FORMAT = dwarf;
				ENABLE_STRICT_OBJC_MSGSEND = YES;
				ENABLE_TESTABILITY = YES;
				GCC_C_LANGUAGE_STANDARD = gnu11;
				GCC_DYNAMIC_NO_PIC = NO;
				GCC_NO_COMMON_BLOCKS = YES;
				GCC_OPTIMIZATION_LEVEL = 0;
				GCC_PREPROCESSOR_DEFINITIONS = (
					"DEBUG=1",
					"$(inherited)",
				);
				GCC_WARN_64_TO_32_BIT_CONVERSION = YES;
				GCC_WARN_ABOUT_RETURN_TYPE = YES_ERROR;
				GCC_WARN_UNDECLARED_SELECTOR = YES;
				GCC_WARN_UNINITIALIZED_AUTOS = YES_AGGRESSIVE;
				GCC_WARN_UNUSED_FUNCTION = YES;
				GCC_WARN_UNUSED_VARIABLE = YES;
				IPHONEOS_DEPLOYMENT_TARGET = 11.2;
				MTL_ENABLE_DEBUG_INFO = YES;
				ONLY_ACTIVE_ARCH = YES;
				SDKROOT = iphoneos;
				SWIFT_ACTIVE_COMPILATION_CONDITIONS = DEBUG;
				SWIFT_OPTIMIZATION_LEVEL = "-Onone";
			};
			name = Debug;
		};
		8E36E13E1FF3BEBA0060338A /* Release */ = {
			isa = XCBuildConfiguration;
			buildSettings = {
				ALWAYS_SEARCH_USER_PATHS = NO;
				CLANG_ANALYZER_NONNULL = YES;
				CLANG_ANALYZER_NUMBER_OBJECT_CONVERSION = YES_AGGRESSIVE;
				CLANG_CXX_LANGUAGE_STANDARD = "gnu++14";
				CLANG_CXX_LIBRARY = "libc++";
				CLANG_ENABLE_MODULES = YES;
				CLANG_ENABLE_OBJC_ARC = YES;
				CLANG_WARN_BLOCK_CAPTURE_AUTORELEASING = YES;
				CLANG_WARN_BOOL_CONVERSION = YES;
				CLANG_WARN_COMMA = YES;
				CLANG_WARN_CONSTANT_CONVERSION = YES;
				CLANG_WARN_DIRECT_OBJC_ISA_USAGE = YES_ERROR;
				CLANG_WARN_DOCUMENTATION_COMMENTS = YES;
				CLANG_WARN_EMPTY_BODY = YES;
				CLANG_WARN_ENUM_CONVERSION = YES;
				CLANG_WARN_INFINITE_RECURSION = YES;
				CLANG_WARN_INT_CONVERSION = YES;
				CLANG_WARN_NON_LITERAL_NULL_CONVERSION = YES;
				CLANG_WARN_OBJC_LITERAL_CONVERSION = YES;
				CLANG_WARN_OBJC_ROOT_CLASS = YES_ERROR;
				CLANG_WARN_RANGE_LOOP_ANALYSIS = YES;
				CLANG_WARN_STRICT_PROTOTYPES = YES;
				CLANG_WARN_SUSPICIOUS_MOVE = YES;
				CLANG_WARN_UNGUARDED_AVAILABILITY = YES_AGGRESSIVE;
				CLANG_WARN_UNREACHABLE_CODE = YES;
				CLANG_WARN__DUPLICATE_METHOD_MATCH = YES;
				CODE_SIGN_IDENTITY = "iPhone Developer";
				COPY_PHASE_STRIP = NO;
				DEBUG_INFORMATION_FORMAT = "dwarf-with-dsym";
				ENABLE_NS_ASSERTIONS = NO;
				ENABLE_STRICT_OBJC_MSGSEND = YES;
				GCC_C_LANGUAGE_STANDARD = gnu11;
				GCC_NO_COMMON_BLOCKS = YES;
				GCC_WARN_64_TO_32_BIT_CONVERSION = YES;
				GCC_WARN_ABOUT_RETURN_TYPE = YES_ERROR;
				GCC_WARN_UNDECLARED_SELECTOR = YES;
				GCC_WARN_UNINITIALIZED_AUTOS = YES_AGGRESSIVE;
				GCC_WARN_UNUSED_FUNCTION = YES;
				GCC_WARN_UNUSED_VARIABLE = YES;
				IPHONEOS_DEPLOYMENT_TARGET = 11.2;
				MTL_ENABLE_DEBUG_INFO = NO;
				SDKROOT = iphoneos;
				SWIFT_OPTIMIZATION_LEVEL = "-Owholemodule";
				VALIDATE_PRODUCT = YES;
			};
			name = Release;
		};
		8E36E1401FF3BEBA0060338A /* Debug */ = {
			isa = XCBuildConfiguration;
			buildSettings = {
				ASSETCATALOG_COMPILER_APPICON_NAME = AppIcon;
				CODE_SIGN_STYLE = Automatic;
				DEVELOPMENT_TEAM = 7X8WVYDFHZ;
				INFOPLIST_FILE = "Lend-O-Matic/Info.plist";
				LD_RUNPATH_SEARCH_PATHS = "$(inherited) @executable_path/Frameworks";
				PRODUCT_BUNDLE_IDENTIFIER = "CSM.Lend-O-Matic";
				PRODUCT_NAME = "$(TARGET_NAME)";
				SWIFT_OBJC_BRIDGING_HEADER = "Lend-O-Matic/BridgingHeader.h";
				SWIFT_VERSION = 4.0;
				TARGETED_DEVICE_FAMILY = "1,2";
			};
			name = Debug;
		};
		8E36E1411FF3BEBA0060338A /* Release */ = {
			isa = XCBuildConfiguration;
			buildSettings = {
				ASSETCATALOG_COMPILER_APPICON_NAME = AppIcon;
				CODE_SIGN_STYLE = Automatic;
				DEVELOPMENT_TEAM = 7X8WVYDFHZ;
				INFOPLIST_FILE = "Lend-O-Matic/Info.plist";
				LD_RUNPATH_SEARCH_PATHS = "$(inherited) @executable_path/Frameworks";
				PRODUCT_BUNDLE_IDENTIFIER = "CSM.Lend-O-Matic";
				PRODUCT_NAME = "$(TARGET_NAME)";
				SWIFT_OBJC_BRIDGING_HEADER = "Lend-O-Matic/BridgingHeader.h";
				SWIFT_VERSION = 4.0;
				TARGETED_DEVICE_FAMILY = "1,2";
			};
			name = Release;
		};
/* End XCBuildConfiguration section */

/* Begin XCConfigurationList section */
		8E36E1231FF3BEBA0060338A /* Build configuration list for PBXProject "Lend-O-Matic" */ = {
			isa = XCConfigurationList;
			buildConfigurations = (
				8E36E13D1FF3BEBA0060338A /* Debug */,
				8E36E13E1FF3BEBA0060338A /* Release */,
			);
			defaultConfigurationIsVisible = 0;
			defaultConfigurationName = Release;
		};
		8E36E13F1FF3BEBA0060338A /* Build configuration list for PBXNativeTarget "Lend-O-Matic" */ = {
			isa = XCConfigurationList;
			buildConfigurations = (
				8E36E1401FF3BEBA0060338A /* Debug */,
				8E36E1411FF3BEBA0060338A /* Release */,
			);
			defaultConfigurationIsVisible = 0;
			defaultConfigurationName = Release;
		};
/* End XCConfigurationList section */

/* Begin XCVersionGroup section */
		8E36E12D1FF3BEBA0060338A /* Lend_O_Matic.xcdatamodeld */ = {
			isa = XCVersionGroup;
			children = (
				8E36E12E1FF3BEBA0060338A /* Lend_O_Matic.xcdatamodel */,
			);
			currentVersion = 8E36E12E1FF3BEBA0060338A /* Lend_O_Matic.xcdatamodel */;
			path = Lend_O_Matic.xcdatamodeld;
			sourceTree = "<group>";
			versionGroupType = wrapper.xcdatamodel;
		};
/* End XCVersionGroup section */
	};
	rootObject = 8E36E1201FF3BEBA0060338A /* Project object */;
}
